
Microsoft Visual Studio Solution File, Format Version 12.00
# Visual Studio 2012
Project("{FAE04EC0-301F-11D3-BF4B-00C04F79EFBC}") = "MovieReviewApp", "MovieReviewApp\MovieReviewApp.csproj", "{FA4443FB-6BD5-48EE-B52E-F4C9F5FD8D0D}"
EndProject
Global
	GlobalSection(SolutionConfigurationPlatforms) = preSolution
		Debug|Any CPU = Debug|Any CPU
		Release|Any CPU = Release|Any CPU
	EndGlobalSection
	GlobalSection(ProjectConfigurationPlatforms) = postSolution
		{FA4443FB-6BD5-48EE-B52E-F4C9F5FD8D0D}.Debug|Any CPU.ActiveCfg = Debug|Any CPU
		{FA4443FB-6BD5-48EE-B52E-F4C9F5FD8D0D}.Debug|Any CPU.Build.0 = Debug|Any CPU
		{FA4443FB-6BD5-48EE-B52E-F4C9F5FD8D0D}.Release|Any CPU.ActiveCfg = Release|Any CPU
		{FA4443FB-6BD5-48EE-B52E-F4C9F5FD8D0D}.Release|Any CPU.Build.0 = Release|Any CPU
	EndGlobalSection
	GlobalSection(SolutionProperties) = preSolution
		HideSolutionNode = FALSE
	EndGlobalSection
	GlobalSection(ExtensibilityGlobals) = postSolution
		EnterpriseLibraryConfigurationToolBinariesPath = packages\Unity.2.1.505.0\lib\NET35
	EndGlobalSection
EndGlobal
